<?xml version="1.0" encoding="utf-8"?>
<Project ToolsVersion="4.0" xmlns="http://schemas.microsoft.com/developer/msbuild/2003">
  <ItemGroup>
    <ClCompile Include="constants.c" />
    <ClCompile Include="luamotif.c" />
    <ClCompile Include="widgets.c" />
    <ClCompile Include="wrapped_funcs.c" />
    <ClCompile Include="callbacks.c" />
  </ItemGroup>
  <ItemGroup>
    <None Include="GNUmakefile" />
    <None Include="Makefile" />
    <None Include="examples\buttons.lua">
      <Filter>Examples</Filter>
    </None>
    <None Include="examples\hello.lua">
      <Filter>Examples</Filter>
    </None>
    <None Include="examples\hello_dialog.lua">
      <Filter>Examples</Filter>
    </None>
    <None Include="examples\hello_old.lua">
      <Filter>Examples</Filter>
    </None>
    <None Include="examples\timeout.lua">
      <Filter>Examples</Filter>
    </None>
    <None Include="LICENSE">
      <Filter>Misc</Filter>
    </None>
    <None Include="LINKING">
      <Filter>Misc</Filter>
    </None>
    <None Include="README.md">
      <Filter>Misc</Filter>
    </None>
    <None Include="shlib_version">
      <Filter>Misc</Filter>
    </None>
  </ItemGroup>
  <ItemGroup>
    <Filter Include="Examples">
      <UniqueIdentifier>{0d1fd745-ad56-4201-b93a-2ce749d7eb7c}</UniqueIdentifier>
    </Filter>
    <Filter Include="Misc">
      <UniqueIdentifier>{4a161d57-c300-4db4-a4b9-0f284b9968e5}</UniqueIdentifier>
    </Filter>
    <Filter Include="Headers">
      <UniqueIdentifier>{96e0da61-0aa8-439a-862a-07747a234b1e}</UniqueIdentifier>
    </Filter>
  </ItemGroup>
  <ItemGroup>
    <ClInclude Include="luamotif.h">
      <Filter>Headers</Filter>
    </ClInclude>
    <ClInclude Include="wrapped_funcs.h">
      <Filter>Headers</Filter>
    </ClInclude>
    <ClInclude Include="callbacks.h">
      <Filter>Headers</Filter>
    </ClInclude>
  </ItemGroup>
</Project>